
Microsoft Visual Studio Solution File, Format Version 12.00
# Visual Studio 2013
VisualStudioVersion = 12.0.21005.1
MinimumVisualStudioVersion = 10.0.40219.1
Project("{FAE04EC0-301F-11D3-BF4B-00C04F79EFBC}") = "SimplePhotoPost", "SimplePhotoPost\SimplePhotoPost.csproj", "{30B56634-7201-4C60-AC84-6F8B1589563D}"
EndProject
Global
	GlobalSection(SolutionConfigurationPlatforms) = preSolution
		Debug|Any CPU = Debug|Any CPU
		Release|Any CPU = Release|Any CPU
	EndGlobalSection
	GlobalSection(ProjectConfigurationPlatforms) = postSolution
		{30B56634-7201-4C60-AC84-6F8B1589563D}.Debug|Any CPU.ActiveCfg = Debug|Any CPU
		{30B56634-7201-4C60-AC84-6F8B1589563D}.Debug|Any CPU.Build.0 = Debug|Any CPU
		{30B56634-7201-4C60-AC84-6F8B1589563D}.Release|Any CPU.ActiveCfg = Release|Any CPU
		{30B56634-7201-4C60-AC84-6F8B1589563D}.Release|Any CPU.Build.0 = Release|Any CPU
	EndGlobalSection
	GlobalSection(SolutionProperties) = preSolution
		HideSolutionNode = FALSE
	EndGlobalSection
EndGlobal
